
Microsoft Visual Studio Solution File, Format Version 12.00
# Visual Studio Version 16
VisualStudioVersion = 16.0.31515.178
MinimumVisualStudioVersion = 10.0.40219.1
Project("{FAE04EC0-301F-11D3-BF4B-00C04F79EFBC}") = "Cache", "Cache\Cache.csproj", "{D798A686-AD6E-428C-B9C0-77759B1CD885}"
EndProject
Global
	GlobalSection(SolutionConfigurationPlatforms) = preSolution
		Debug|Any CPU = Debug|Any CPU
		Release|Any CPU = Release|Any CPU
	EndGlobalSection
	GlobalSection(ProjectConfigurationPlatforms) = postSolution
		{D798A686-AD6E-428C-B9C0-77759B1CD885}.Debug|Any CPU.ActiveCfg = Debug|Any CPU
		{D798A686-AD6E-428C-B9C0-77759B1CD885}.Debug|Any CPU.Build.0 = Debug|Any CPU
		{D798A686-AD6E-428C-B9C0-77759B1CD885}.Release|Any CPU.ActiveCfg = Release|Any CPU
		{D798A686-AD6E-428C-B9C0-77759B1CD885}.Release|Any CPU.Build.0 = Release|Any CPU
	EndGlobalSection
	GlobalSection(SolutionProperties) = preSolution
		HideSolutionNode = FALSE
	EndGlobalSection
	GlobalSection(ExtensibilityGlobals) = postSolution
		SolutionGuid = {DC613474-67DC-4089-945C-6E41DC2D5F83}
	EndGlobalSection
EndGlobal
