
Microsoft Visual Studio Solution File, Format Version 12.00
# Visual Studio Version 16
VisualStudioVersion = 16.0.31515.178
MinimumVisualStudioVersion = 10.0.40219.1
Project("{FAE04EC0-301F-11D3-BF4B-00C04F79EFBC}") = "Discount Prize Js Project", "Discount Prize Js Project\Discount Prize Js Project.csproj", "{30143082-4F7F-44C8-A9EF-10190EB3C64B}"
EndProject
Global
	GlobalSection(SolutionConfigurationPlatforms) = preSolution
		Debug|Any CPU = Debug|Any CPU
		Release|Any CPU = Release|Any CPU
	EndGlobalSection
	GlobalSection(ProjectConfigurationPlatforms) = postSolution
		{30143082-4F7F-44C8-A9EF-10190EB3C64B}.Debug|Any CPU.ActiveCfg = Debug|Any CPU
		{30143082-4F7F-44C8-A9EF-10190EB3C64B}.Debug|Any CPU.Build.0 = Debug|Any CPU
		{30143082-4F7F-44C8-A9EF-10190EB3C64B}.Release|Any CPU.ActiveCfg = Release|Any CPU
		{30143082-4F7F-44C8-A9EF-10190EB3C64B}.Release|Any CPU.Build.0 = Release|Any CPU
	EndGlobalSection
	GlobalSection(SolutionProperties) = preSolution
		HideSolutionNode = FALSE
	EndGlobalSection
	GlobalSection(ExtensibilityGlobals) = postSolution
		SolutionGuid = {3A3FB7A5-8327-465C-877B-CB4607169362}
	EndGlobalSection
EndGlobal
