
Microsoft Visual Studio Solution File, Format Version 12.00
# Visual Studio Version 16
VisualStudioVersion = 16.0.31515.178
MinimumVisualStudioVersion = 10.0.40219.1
Project("{FAE04EC0-301F-11D3-BF4B-00C04F79EFBC}") = "Form No-1", "Form No-1\Form No-1.csproj", "{38082AB4-0348-4D55-B8B2-46E1D8B57E65}"
EndProject
Global
	GlobalSection(SolutionConfigurationPlatforms) = preSolution
		Debug|Any CPU = Debug|Any CPU
		Release|Any CPU = Release|Any CPU
	EndGlobalSection
	GlobalSection(ProjectConfigurationPlatforms) = postSolution
		{38082AB4-0348-4D55-B8B2-46E1D8B57E65}.Debug|Any CPU.ActiveCfg = Debug|Any CPU
		{38082AB4-0348-4D55-B8B2-46E1D8B57E65}.Debug|Any CPU.Build.0 = Debug|Any CPU
		{38082AB4-0348-4D55-B8B2-46E1D8B57E65}.Release|Any CPU.ActiveCfg = Release|Any CPU
		{38082AB4-0348-4D55-B8B2-46E1D8B57E65}.Release|Any CPU.Build.0 = Release|Any CPU
	EndGlobalSection
	GlobalSection(SolutionProperties) = preSolution
		HideSolutionNode = FALSE
	EndGlobalSection
	GlobalSection(ExtensibilityGlobals) = postSolution
		SolutionGuid = {C9B9FFAC-6933-4A13-8DF0-459896896300}
	EndGlobalSection
EndGlobal
